<?xml version="1.0" encoding="utf-8"?>
<Project ToolsVersion="4.0" xmlns="http://schemas.microsoft.com/developer/msbuild/2003">
  <ItemGroup>
    <Filter Include="Source Files">
      <UniqueIdentifier>{4FC737F1-C7A5-4376-A066-2A32D752A2FF}</UniqueIdentifier>
      <Extensions>cpp;c;cc;cxx;def;odl;idl;hpj;bat;asm;asmx</Extensions>
    </Filter>
    <Filter Include="Header Files">
      <UniqueIdentifier>{93995380-89BD-4b04-88EB-625FBE52EBFB}</UniqueIdentifier>
      <Extensions>h;hh;hpp;hxx;hm;inl;inc;xsd</Extensions>
    </Filter>
    <Filter Include="Resource Files">
      <UniqueIdentifier>{67DA6AB6-F800-4c08-8B7A-83BB121AAD01}</UniqueIdentifier>
      <Extensions>rc;ico;cur;bmp;dlg;rc2;rct;bin;rgs;gif;jpg;jpeg;jpe;resx;tiff;tif;png;wav;mfcribbon-ms</Extensions>
    </Filter>
    <Filter Include="Source Files\App">
      <UniqueIdentifier>{bb808ab4-77d7-48e6-96dc-b79f84459ba5}</UniqueIdentifier>
    </Filter>
    <Filter Include="Header Files\Helper">
      <UniqueIdentifier>{f2d17d3f-61f3-4d5f-bdfd-caf5a20ee5f9}</UniqueIdentifier>
    </Filter>
    <Filter Include="Source Files\Object">
      <UniqueIdentifier>{e2963018-6be4-4420-8dc8-d12e3ccef394}</UniqueIdentifier>
    </Filter>
    <Filter Include="Header Files\Object">
      <UniqueIdentifier>{5e93f17e-7d9d-4f94-a28a-c7c22aba7511}</UniqueIdentifier>
    </Filter>
    <Filter Include="Header Files\Manager">
      <UniqueIdentifier>{7b1f2d3f-3f89-4c33-be10-9bc299315e11}</UniqueIdentifier>
    </Filter>
    <Filter Include="Source Files\Manager">
      <UniqueIdentifier>{58407f9f-5c6a-4748-b803-f44cadba3360}</UniqueIdentifier>
    </Filter>
    <Filter Include="Source Files\DecisionMaking">
      <UniqueIdentifier>{86fbd7da-517d-4fda-9672-fa9cb135cd7f}</UniqueIdentifier>
    </Filter>
    <Filter Include="Header Files\DecisionMaking">
      <UniqueIdentifier>{08c6f5d6-b96b-4da9-8db9-d0bf9a551612}</UniqueIdentifier>
    </Filter>
    <Filter Include="Header Files\Scene">
      <UniqueIdentifier>{fe429074-caa6-4eec-b824-63a4d43b33b3}</UniqueIdentifier>
    </Filter>
    <Filter Include="Source Files\Scene">
      <UniqueIdentifier>{07e0adbf-dce1-4621-a86c-8fd314b9c240}</UniqueIdentifier>
    </Filter>
  </ItemGroup>
  <ItemGroup>
    <Text Include="ReadMe.txt" />
  </ItemGroup>
  <ItemGroup>
    <ClInclude Include="App\app.h">
      <Filter>Source Files\App</Filter>
    </ClInclude>
    <ClInclude Include="App\SimpleSound.h">
      <Filter>Source Files\App</Filter>
    </ClInclude>
    <ClInclude Include="stdafx.h">
      <Filter>Header Files</Filter>
    </ClInclude>
    <ClInclude Include="targetver.h">
      <Filter>Header Files</Filter>
    </ClInclude>
    <ClInclude Include="App\AppSettings.h">
      <Filter>Source Files\App</Filter>
    </ClInclude>
    <ClInclude Include="App\SimpleController.h">
      <Filter>Source Files\App</Filter>
    </ClInclude>
    <ClInclude Include="App\main.h">
      <Filter>Source Files\App</Filter>
    </ClInclude>
    <ClInclude Include="SimpleTileMap.h">
      <Filter>Header Files</Filter>
    </ClInclude>
    <ClInclude Include="MathHelper.h">
      <Filter>Header Files\Helper</Filter>
    </ClInclude>
    <ClInclude Include="Utility.h">
      <Filter>Header Files\Helper</Filter>
    </ClInclude>
    <ClInclude Include="TileMap.h">
      <Filter>Header Files</Filter>
    </ClInclude>
    <ClInclude Include="Manager\ActorManager.h">
      <Filter>Header Files\Manager</Filter>
    </ClInclude>
    <ClInclude Include="Manager\AIManager.h">
      <Filter>Header Files\Manager</Filter>
    </ClInclude>
    <ClInclude Include="Object\ActorObject.h">
      <Filter>Header Files\Object</Filter>
    </ClInclude>
    <ClInclude Include="Object\BaseObject.h">
      <Filter>Header Files\Object</Filter>
    </ClInclude>
    <ClInclude Include="Object\Coin.h">
      <Filter>Header Files\Object</Filter>
    </ClInclude>
    <ClInclude Include="Object\Controllable.h">
      <Filter>Header Files\Object</Filter>
    </ClInclude>
    <ClInclude Include="Object\Ghost.h">
      <Filter>Header Files\Object</Filter>
    </ClInclude>
    <ClInclude Include="Object\MapTileObject.h">
      <Filter>Header Files\Object</Filter>
    </ClInclude>
    <ClInclude Include="Object\Movable.h">
      <Filter>Header Files\Object</Filter>
    </ClInclude>
    <ClInclude Include="Object\Pacman.h">
      <Filter>Header Files\Object</Filter>
    </ClInclude>
    <ClInclude Include="Object\TextObject.h">
      <Filter>Header Files\Object</Filter>
    </ClInclude>
    <ClInclude Include="Manager\GameManager.h">
      <Filter>Header Files\Manager</Filter>
    </ClInclude>
    <ClInclude Include="Object\Flag.h">
      <Filter>Header Files\Object</Filter>
    </ClInclude>
    <ClInclude Include="DecisionMaking\StateMachine.h">
      <Filter>Header Files\DecisionMaking</Filter>
    </ClInclude>
    <ClInclude Include="DecisionMaking\AttackState.h">
      <Filter>Header Files\DecisionMaking</Filter>
    </ClInclude>
    <ClInclude Include="DecisionMaking\GrabState.h">
      <Filter>Header Files\DecisionMaking</Filter>
    </ClInclude>
    <ClInclude Include="DecisionMaking\DefendState.h">
      <Filter>Header Files\DecisionMaking</Filter>
    </ClInclude>
    <ClInclude Include="Scene\Scene.h">
      <Filter>Header Files\Scene</Filter>
    </ClInclude>
    <ClInclude Include="Scene\MenuScene.h">
      <Filter>Header Files\Scene</Filter>
    </ClInclude>
    <ClInclude Include="Scene\GameScene.h">
      <Filter>Header Files\Scene</Filter>
    </ClInclude>
  </ItemGroup>
  <ItemGroup>
    <ClCompile Include="stdafx.cpp">
      <Filter>Source Files</Filter>
    </ClCompile>
    <ClCompile Include="GameTest.cpp">
      <Filter>Source Files</Filter>
    </ClCompile>
    <ClCompile Include="App\app.cpp">
      <Filter>Source Files\App</Filter>
    </ClCompile>
    <ClCompile Include="App\main.cpp">
      <Filter>Source Files\App</Filter>
    </ClCompile>
    <ClCompile Include="App\SimpleSound.cpp">
      <Filter>Source Files\App</Filter>
    </ClCompile>
    <ClCompile Include="App\SimpleController.cpp">
      <Filter>Source Files\App</Filter>
    </ClCompile>
    <ClCompile Include="SimpleTileMap.cpp">
      <Filter>Source Files</Filter>
    </ClCompile>
    <ClCompile Include="TileMap.cpp">
      <Filter>Source Files</Filter>
    </ClCompile>
    <ClCompile Include="Manager\ActorManager.cpp">
      <Filter>Source Files\Manager</Filter>
    </ClCompile>
    <ClCompile Include="Manager\AIManager.cpp">
      <Filter>Source Files\Manager</Filter>
    </ClCompile>
    <ClCompile Include="Object\ActorObject.cpp">
      <Filter>Source Files\Object</Filter>
    </ClCompile>
    <ClCompile Include="Object\BaseObject.cpp">
      <Filter>Source Files\Object</Filter>
    </ClCompile>
    <ClCompile Include="Object\Coin.cpp">
      <Filter>Source Files\Object</Filter>
    </ClCompile>
    <ClCompile Include="Object\Controllable.cpp">
      <Filter>Source Files\Object</Filter>
    </ClCompile>
    <ClCompile Include="Object\Ghost.cpp">
      <Filter>Source Files\Object</Filter>
    </ClCompile>
    <ClCompile Include="Object\MapTileObject.cpp">
      <Filter>Source Files\Object</Filter>
    </ClCompile>
    <ClCompile Include="Object\Movable.cpp">
      <Filter>Source Files\Object</Filter>
    </ClCompile>
    <ClCompile Include="Object\Pacman.cpp">
      <Filter>Source Files\Object</Filter>
    </ClCompile>
    <ClCompile Include="Object\TextObject.cpp">
      <Filter>Source Files\Object</Filter>
    </ClCompile>
    <ClCompile Include="Manager\GameManager.cpp">
      <Filter>Source Files\Manager</Filter>
    </ClCompile>
    <ClCompile Include="Object\Flag.cpp">
      <Filter>Source Files\Object</Filter>
    </ClCompile>
    <ClCompile Include="DecisionMaking\AttackState.cpp">
      <Filter>Source Files\DecisionMaking</Filter>
    </ClCompile>
    <ClCompile Include="DecisionMaking\GrabState.cpp">
      <Filter>Source Files\DecisionMaking</Filter>
    </ClCompile>
    <ClCompile Include="DecisionMaking\DefendState.cpp">
      <Filter>Source Files\DecisionMaking</Filter>
    </ClCompile>
    <ClCompile Include="DecisionMaking\StateMachine.cpp">
      <Filter>Source Files\DecisionMaking</Filter>
    </ClCompile>
    <ClCompile Include="Scene\Scene.cpp">
      <Filter>Source Files\Scene</Filter>
    </ClCompile>
    <ClCompile Include="Scene\GameScene.cpp">
      <Filter>Source Files\Scene</Filter>
    </ClCompile>
    <ClCompile Include="Scene\MenuScene.cpp">
      <Filter>Source Files\Scene</Filter>
    </ClCompile>
  </ItemGroup>
</Project>